
Microsoft Visual Studio Solution File, Format Version 12.00
# Visual Studio Version 17
VisualStudioVersion = 17.8.34330.188
MinimumVisualStudioVersion = 10.0.40219.1
Project("{FAE04EC0-301F-11D3-BF4B-00C04F79EFBC}") = "Projeto3", "Projeto3\Projeto3.csproj", "{59182E05-08EF-43CE-B295-C69C2343BDBE}"
EndProject
Global
	GlobalSection(SolutionConfigurationPlatforms) = preSolution
		Debug|Any CPU = Debug|Any CPU
		Release|Any CPU = Release|Any CPU
	EndGlobalSection
	GlobalSection(ProjectConfigurationPlatforms) = postSolution
		{59182E05-08EF-43CE-B295-C69C2343BDBE}.Debug|Any CPU.ActiveCfg = Debug|Any CPU
		{59182E05-08EF-43CE-B295-C69C2343BDBE}.Debug|Any CPU.Build.0 = Debug|Any CPU
		{59182E05-08EF-43CE-B295-C69C2343BDBE}.Release|Any CPU.ActiveCfg = Release|Any CPU
		{59182E05-08EF-43CE-B295-C69C2343BDBE}.Release|Any CPU.Build.0 = Release|Any CPU
	EndGlobalSection
	GlobalSection(SolutionProperties) = preSolution
		HideSolutionNode = FALSE
	EndGlobalSection
	GlobalSection(ExtensibilityGlobals) = postSolution
		SolutionGuid = {54C35048-D554-4914-8FDB-F6FF6A760D47}
	EndGlobalSection
EndGlobal
